
Microsoft Visual Studio Solution File, Format Version 12.00
# Visual Studio Version 16
VisualStudioVersion = 16.0.32802.440
MinimumVisualStudioVersion = 10.0.40219.1
Project("{FAE04EC0-301F-11D3-BF4B-00C04F79EFBC}") = "DragonSushi", "DragonSushi\DragonSushi.csproj", "{B395512F-6637-49C6-802A-30BE8CBDC332}"
EndProject
Global
	GlobalSection(SolutionConfigurationPlatforms) = preSolution
		Debug|Any CPU = Debug|Any CPU
		Release|Any CPU = Release|Any CPU
	EndGlobalSection
	GlobalSection(ProjectConfigurationPlatforms) = postSolution
		{B395512F-6637-49C6-802A-30BE8CBDC332}.Debug|Any CPU.ActiveCfg = Debug|Any CPU
		{B395512F-6637-49C6-802A-30BE8CBDC332}.Debug|Any CPU.Build.0 = Debug|Any CPU
		{B395512F-6637-49C6-802A-30BE8CBDC332}.Release|Any CPU.ActiveCfg = Release|Any CPU
		{B395512F-6637-49C6-802A-30BE8CBDC332}.Release|Any CPU.Build.0 = Release|Any CPU
	EndGlobalSection
	GlobalSection(SolutionProperties) = preSolution
		HideSolutionNode = FALSE
	EndGlobalSection
	GlobalSection(ExtensibilityGlobals) = postSolution
		SolutionGuid = {E355180F-05CE-44FD-ADC1-6A55782A216A}
	EndGlobalSection
EndGlobal
